lockfileVersion: '9.0'

settings:
  autoInstallPeers: true
  excludeLinksFromLockfile: false

importers:

  .:
    dependencies:
      '@openai/codex-sdk':
        specifier: 0.153.2
        version: 0.153.2
    devDependencies:
      typescript:
        specifier: 5.9.3
        version: 5.9.3

packages:

  '@openai/codex-sdk@0.153.2':
    resolution: {integrity: sha512-If4CYvo+Zpf6CCKxhuoyhgNbaS93UI9pYfscWr529CxCQK5fhlLQA29efutQVwuj8w9EcMhNM4rjn7zu67S+/w==}
    engines: {node: '>=18'}

  '@openai/codex@0.153.2':
    resolution: {integrity: sha512-IRocJlE+jCZGYHwIJWBja2nDswTSZY4sNddQgU5xiR/mVWxo5WcO8pqcajXJea1XDoNK9CaVzizVhUxDhFkU6g==}
    engines: {node: '>=16'}
    hasBin: true

  '@openai/codex@0.153.2-darwin-arm64':
    resolution: {integrity: sha512-8cEJWOIW5WnSn2+W1RUjc1sm2sN1H6NP+cCrOe73ImamUy2yOk3QKjZM2SfkA9jf3fqgwlBNUslhGMen2omc5g==}
    engines: {node: '>=16'}
    cpu: [arm64]
    os: [darwin]

  '@openai/codex@0.153.2-darwin-x64':
    resolution: {integrity: sha512-hY68UBhIUE3xIn40SdoujokNiCBeHn9Jp9bEtcIrYeYd2IUtu1oCFwxFnkGhw6+UjHn7piiMxohAomddRA4MCg==}
    engines: {node: '>=16'}
    cpu: [x64]
    os: [darwin]

  '@openai/codex@0.153.2-linux-arm64':
    resolution: {integrity: sha512-QDkOdJzIdMGaOCViY2dqGqr8WhQv81WfmJkAghC3doFedsOfHt87RuAO4yFN7m0FSR3y5UsScSDUT4zOCcmEVA==}
    engines: {node: '>=16'}
    cpu: [arm64]
    os: [linux]

  '@openai/codex@0.153.2-linux-x64':
    resolution: {integrity: sha512-CPUPhFmykKRdIcgwiOfKvFKHBP62dPfaiP+pzQ2bVNAfLTW+i0Kasd7hQryoxZUmTPvw0h9HyM2NgsnQ9AJlTw==}
    engines: {node: '>=16'}
    cpu: [x64]
    os: [linux]

  '@openai/codex@0.153.2-win32-arm64':
    resolution: {integrity: sha512-+49dim0F4FoxKLBDBLzMQL4C1m9FG2kx6twg98jo2USesKfmj8XG3HSCe2tW2zOfRArSgHCDyNDHFdts3AfaBg==}
    engines: {node: '>=16'}
    cpu: [arm64]
    os: [win32]

  '@openai/codex@0.153.2-win32-x64':
    resolution: {integrity: sha512-x1PnFo9Uy81NEIlPx3qxkP3PQgkfmJOY/2LqKCKlvxArWIL+PrEV9xKcmKeo9Yw23PPU2TDH3AyqcdeblqtNNg==}
    engines: {node: '>=16'}
    cpu: [x64]
    os: [win32]

  typescript@5.9.3:
    resolution: {integrity: sha512-jl1vZzPDinLr9eUt3J/t7V6FgNEw9QjvBPdysz9KfQDD41fQrC2Y4vKQdiaUpFT4bXlb1RHhLpp8wtm6M5TgSw==}
    engines: {node: '>=14.17'}
    hasBin: true

snapshots:

  '@openai/codex-sdk@0.153.2':
    dependencies:
      '@openai/codex': 0.153.2

  '@openai/codex@0.153.2':
    optionalDependencies:
      '@openai/codex-darwin-arm64': '@openai/codex@0.153.2-darwin-arm64'
      '@openai/codex-darwin-x64': '@openai/codex@0.153.2-darwin-x64'
      '@openai/codex-linux-arm64': '@openai/codex@0.153.2-linux-arm64'
      '@openai/codex-linux-x64': '@openai/codex@0.153.2-linux-x64'
      '@openai/codex-win32-arm64': '@openai/codex@0.153.2-win32-arm64'
      '@openai/codex-win32-x64': '@openai/codex@0.153.2-win32-x64'

  '@openai/codex@0.153.2-darwin-arm64':
    optional: true

  '@openai/codex@0.153.2-darwin-x64':
    optional: true

  '@openai/codex@0.153.2-linux-arm64':
    optional: true

  '@openai/codex@0.153.2-linux-x64':
    optional: true

  '@openai/codex@0.153.2-win32-arm64':
    optional: true

  '@openai/codex@0.153.2-win32-x64':
    optional: true

  typescript@5.9.3: {}
